
Microsoft Visual Studio Solution File, Format Version 12.00
Project("{FAE04EC0-301F-11D3-BF4B-00C04F79EFBC}") = "Webshop_Lab1", "Webshop_Lab1\Webshop_Lab1.csproj", "{8385ED4F-981A-4635-9A23-4AECD8AAF8B7}"
EndProject
Project("{FAE04EC0-301F-11D3-BF4B-00C04F79EFBC}") = "Webshop_api", "Webshop_api\Webshop_api.csproj", "{49BA2218-B03C-42A8-A6C4-711ACD3178F0}"
EndProject
Global
	GlobalSection(SolutionConfigurationPlatforms) = preSolution
		Debug|Any CPU = Debug|Any CPU
		Release|Any CPU = Release|Any CPU
	EndGlobalSection
	GlobalSection(ProjectConfigurationPlatforms) = postSolution
		{8385ED4F-981A-4635-9A23-4AECD8AAF8B7}.Debug|Any CPU.ActiveCfg = Debug|Any CPU
		{8385ED4F-981A-4635-9A23-4AECD8AAF8B7}.Debug|Any CPU.Build.0 = Debug|Any CPU
		{8385ED4F-981A-4635-9A23-4AECD8AAF8B7}.Release|Any CPU.ActiveCfg = Release|Any CPU
		{8385ED4F-981A-4635-9A23-4AECD8AAF8B7}.Release|Any CPU.Build.0 = Release|Any CPU
		{49BA2218-B03C-42A8-A6C4-711ACD3178F0}.Debug|Any CPU.ActiveCfg = Debug|Any CPU
		{49BA2218-B03C-42A8-A6C4-711ACD3178F0}.Debug|Any CPU.Build.0 = Debug|Any CPU
		{49BA2218-B03C-42A8-A6C4-711ACD3178F0}.Release|Any CPU.ActiveCfg = Release|Any CPU
		{49BA2218-B03C-42A8-A6C4-711ACD3178F0}.Release|Any CPU.Build.0 = Release|Any CPU
	EndGlobalSection
EndGlobal
